
Microsoft Visual Studio Solution File, Format Version 12.00
# Visual Studio 15
VisualStudioVersion = 15.0.27428.2037
MinimumVisualStudioVersion = 10.0.40219.1
Project("{FAE04EC0-301F-11D3-BF4B-00C04F79EFBC}") = "AVXTest", "AVXTest\AVXTest.csproj", "{7672DF13-9A83-4D67-AD5D-A31DE37AF544}"
EndProject
Global
	GlobalSection(SolutionConfigurationPlatforms) = preSolution
		Debug|Any CPU = Debug|Any CPU
		Release|Any CPU = Release|Any CPU
	EndGlobalSection
	GlobalSection(ProjectConfigurationPlatforms) = postSolution
		{7672DF13-9A83-4D67-AD5D-A31DE37AF544}.Debug|Any CPU.ActiveCfg = Debug|Any CPU
		{7672DF13-9A83-4D67-AD5D-A31DE37AF544}.Debug|Any CPU.Build.0 = Debug|Any CPU
		{7672DF13-9A83-4D67-AD5D-A31DE37AF544}.Release|Any CPU.ActiveCfg = Release|Any CPU
		{7672DF13-9A83-4D67-AD5D-A31DE37AF544}.Release|Any CPU.Build.0 = Release|Any CPU
	EndGlobalSection
	GlobalSection(SolutionProperties) = preSolution
		HideSolutionNode = FALSE
	EndGlobalSection
	GlobalSection(ExtensibilityGlobals) = postSolution
		SolutionGuid = {0BD3FD2E-1A0D-4A78-A71C-045DE0B12E1A}
	EndGlobalSection
EndGlobal
